
Microsoft Visual Studio Solution File, Format Version 12.00
# Visual Studio Version 17
VisualStudioVersion = 17.7.34031.279
MinimumVisualStudioVersion = 10.0.40219.1
Project("{FAE04EC0-301F-11D3-BF4B-00C04F79EFBC}") = "QuanLyQuanCafe", "QuanLyQuanCafe\QuanLyQuanCafe.csproj", "{BDDA3BC0-9E76-45F2-BCD9-87B76163E770}"
EndProject
Global
	GlobalSection(SolutionConfigurationPlatforms) = preSolution
		Debug|Any CPU = Debug|Any CPU
		Release|Any CPU = Release|Any CPU
	EndGlobalSection
	GlobalSection(ProjectConfigurationPlatforms) = postSolution
		{BDDA3BC0-9E76-45F2-BCD9-87B76163E770}.Debug|Any CPU.ActiveCfg = Debug|Any CPU
		{BDDA3BC0-9E76-45F2-BCD9-87B76163E770}.Debug|Any CPU.Build.0 = Debug|Any CPU
		{BDDA3BC0-9E76-45F2-BCD9-87B76163E770}.Release|Any CPU.ActiveCfg = Release|Any CPU
		{BDDA3BC0-9E76-45F2-BCD9-87B76163E770}.Release|Any CPU.Build.0 = Release|Any CPU
	EndGlobalSection
	GlobalSection(SolutionProperties) = preSolution
		HideSolutionNode = FALSE
	EndGlobalSection
	GlobalSection(ExtensibilityGlobals) = postSolution
		SolutionGuid = {3958CEBB-1F7A-4AF5-AB77-3D59CD2ACFB7}
	EndGlobalSection
EndGlobal
